
Microsoft Visual Studio Solution File, Format Version 12.00
# Visual Studio 15
VisualStudioVersion = 15.0.26124.0
MinimumVisualStudioVersion = 15.0.26124.0
Project("{FAE04EC0-301F-11D3-BF4B-00C04F79EFBC}") = "FinancialEngineering", "FinancialEngineering\FinancialEngineering.csproj", "{B62C958F-6B5D-4E07-8C17-2DD6F2A78D54}"
EndProject
Project("{FAE04EC0-301F-11D3-BF4B-00C04F79EFBC}") = "FinancialEngineering.Tests", "FinancialEngineering.Tests\FinancialEngineering.Tests.csproj", "{0474DEDE-27C1-4B29-A0A7-C44269FF7745}"
EndProject
Global
	GlobalSection(SolutionConfigurationPlatforms) = preSolution
		Debug|Any CPU = Debug|Any CPU
		Debug|x64 = Debug|x64
		Debug|x86 = Debug|x86
		Release|Any CPU = Release|Any CPU
		Release|x64 = Release|x64
		Release|x86 = Release|x86
	EndGlobalSection
	GlobalSection(SolutionProperties) = preSolution
		HideSolutionNode = FALSE
	EndGlobalSection
	GlobalSection(ProjectConfigurationPlatforms) = postSolution
		{B62C958F-6B5D-4E07-8C17-2DD6F2A78D54}.Debug|Any CPU.ActiveCfg = Debug|Any CPU
		{B62C958F-6B5D-4E07-8C17-2DD6F2A78D54}.Debug|Any CPU.Build.0 = Debug|Any CPU
		{B62C958F-6B5D-4E07-8C17-2DD6F2A78D54}.Debug|x64.ActiveCfg = Debug|Any CPU
		{B62C958F-6B5D-4E07-8C17-2DD6F2A78D54}.Debug|x64.Build.0 = Debug|Any CPU
		{B62C958F-6B5D-4E07-8C17-2DD6F2A78D54}.Debug|x86.ActiveCfg = Debug|Any CPU
		{B62C958F-6B5D-4E07-8C17-2DD6F2A78D54}.Debug|x86.Build.0 = Debug|Any CPU
		{B62C958F-6B5D-4E07-8C17-2DD6F2A78D54}.Release|Any CPU.ActiveCfg = Release|Any CPU
		{B62C958F-6B5D-4E07-8C17-2DD6F2A78D54}.Release|Any CPU.Build.0 = Release|Any CPU
		{B62C958F-6B5D-4E07-8C17-2DD6F2A78D54}.Release|x64.ActiveCfg = Release|Any CPU
		{B62C958F-6B5D-4E07-8C17-2DD6F2A78D54}.Release|x64.Build.0 = Release|Any CPU
		{B62C958F-6B5D-4E07-8C17-2DD6F2A78D54}.Release|x86.ActiveCfg = Release|Any CPU
		{B62C958F-6B5D-4E07-8C17-2DD6F2A78D54}.Release|x86.Build.0 = Release|Any CPU
		{0474DEDE-27C1-4B29-A0A7-C44269FF7745}.Debug|Any CPU.ActiveCfg = Debug|Any CPU
		{0474DEDE-27C1-4B29-A0A7-C44269FF7745}.Debug|Any CPU.Build.0 = Debug|Any CPU
		{0474DEDE-27C1-4B29-A0A7-C44269FF7745}.Debug|x64.ActiveCfg = Debug|Any CPU
		{0474DEDE-27C1-4B29-A0A7-C44269FF7745}.Debug|x64.Build.0 = Debug|Any CPU
		{0474DEDE-27C1-4B29-A0A7-C44269FF7745}.Debug|x86.ActiveCfg = Debug|Any CPU
		{0474DEDE-27C1-4B29-A0A7-C44269FF7745}.Debug|x86.Build.0 = Debug|Any CPU
		{0474DEDE-27C1-4B29-A0A7-C44269FF7745}.Release|Any CPU.ActiveCfg = Release|Any CPU
		{0474DEDE-27C1-4B29-A0A7-C44269FF7745}.Release|Any CPU.Build.0 = Release|Any CPU
		{0474DEDE-27C1-4B29-A0A7-C44269FF7745}.Release|x64.ActiveCfg = Release|Any CPU
		{0474DEDE-27C1-4B29-A0A7-C44269FF7745}.Release|x64.Build.0 = Release|Any CPU
		{0474DEDE-27C1-4B29-A0A7-C44269FF7745}.Release|x86.ActiveCfg = Release|Any CPU
		{0474DEDE-27C1-4B29-A0A7-C44269FF7745}.Release|x86.Build.0 = Release|Any CPU
	EndGlobalSection
EndGlobal
